// !$*UTF8*$!
{
	archiveVersion = 1;
	classes = {
	};
	objectVersion = 56;
	objects = {

/* Begin PBXBuildFile section */
		06347FDC2CA411FE0057001B /* HeaderType.swift in Sources */ = {isa = PBXBuildFile; fileRef = 06347FDB2CA411FE0057001B /* HeaderType.swift */; };
		06347FDE2CA432D30057001B /* ShowPerformanceModel.swift in Sources */ = {isa = PBXBuildFile; fileRef = 06347FDD2CA432D30057001B /* ShowPerformanceModel.swift */; };
		06347FE02CA4EA270057001B /* DetailPerformanceView.swift in Sources */ = {isa = PBXBuildFile; fileRef = 06347FDF2CA4EA270057001B /* DetailPerformanceView.swift */; };
		064245AC2C92C7B000C9134D /* musicalRecordProjectApp.swift in Sources */ = {isa = PBXBuildFile; fileRef = 064245AB2C92C7B000C9134D /* musicalRecordProjectApp.swift */; };
		064245B02C92C7B200C9134D /* Assets.xcassets in Resources */ = {isa = PBXBuildFile; fileRef = 064245AF2C92C7B200C9134D /* Assets.xcassets */; };
		064245B32C92C7B200C9134D /* Preview Assets.xcassets in Resources */ = {isa = PBXBuildFile; fileRef = 064245B22C92C7B200C9134D /* Preview Assets.xcassets */; };
		064245BD2C92C7D400C9134D /* MainView.swift in Sources */ = {isa = PBXBuildFile; fileRef = 064245BC2C92C7D400C9134D /* MainView.swift */; };
		064245C22C92C86F00C9134D /* ButtonWrapper.swift in Sources */ = {isa = PBXBuildFile; fileRef = 064245BF2C92C86F00C9134D /* ButtonWrapper.swift */; };
		064245C32C92C86F00C9134D /* ForegroundWrapper.swift in Sources */ = {isa = PBXBuildFile; fileRef = 064245C02C92C86F00C9134D /* ForegroundWrapper.swift */; };
		064245C62C92C87900C9134D /* PrimaryText.swift in Sources */ = {isa = PBXBuildFile; fileRef = 064245C42C92C87900C9134D /* PrimaryText.swift */; };
		064245CB2C92CA2E00C9134D /* .gitignore in Resources */ = {isa = PBXBuildFile; fileRef = 064245CA2C92CA2E00C9134D /* .gitignore */; };
		064245CD2C92CAD100C9134D /* ViewModeltype.swift in Sources */ = {isa = PBXBuildFile; fileRef = 064245CC2C92CAD100C9134D /* ViewModeltype.swift */; };
		064245CF2C92CBEB00C9134D /* HorizontalCalendarView.swift in Sources */ = {isa = PBXBuildFile; fileRef = 064245CE2C92CBEB00C9134D /* HorizontalCalendarView.swift */; };
		064245D12C92CDEB00C9134D /* SelectGenreView.swift in Sources */ = {isa = PBXBuildFile; fileRef = 064245D02C92CDEB00C9134D /* SelectGenreView.swift */; };
		064245D42C92D01100C9134D /* Color+.swift in Sources */ = {isa = PBXBuildFile; fileRef = 064245D32C92D01100C9134D /* Color+.swift */; };
		064862962C944671003B544E /* TicketView.swift in Sources */ = {isa = PBXBuildFile; fileRef = 064862952C944671003B544E /* TicketView.swift */; };
		064862982C944677003B544E /* SettingView.swift in Sources */ = {isa = PBXBuildFile; fileRef = 064862972C944677003B544E /* SettingView.swift */; };
		0648629D2C9446A0003B544E /* TabBarView.swift in Sources */ = {isa = PBXBuildFile; fileRef = 0648629C2C9446A0003B544E /* TabBarView.swift */; };
		064862A42C9562A8003B544E /* TicketStorageView.swift in Sources */ = {isa = PBXBuildFile; fileRef = 064862A32C9562A8003B544E /* TicketStorageView.swift */; };
		064862A72C9581DC003B544E /* PerformancePicker.swift in Sources */ = {isa = PBXBuildFile; fileRef = 064862A62C9581DC003B544E /* PerformancePicker.swift */; };
		064862AB2C958515003B544E /* CustomSegmentedControl.swift in Sources */ = {isa = PBXBuildFile; fileRef = 064862AA2C958515003B544E /* CustomSegmentedControl.swift */; };
		064862AF2C959C68003B544E /* Image+.swift in Sources */ = {isa = PBXBuildFile; fileRef = 064862AE2C959C68003B544E /* Image+.swift */; };
		064862B12C95F461003B544E /* APIKey.swift in Sources */ = {isa = PBXBuildFile; fileRef = 064862B02C95F461003B544E /* APIKey.swift */; };
		065670B62CBBEEA200CF58CB /* GoogleService-Info.plist in Resources */ = {isa = PBXBuildFile; fileRef = 065670B52CBBEEA200CF58CB /* GoogleService-Info.plist */; };
		065670B92CBBF15D00CF58CB /* FirebaseCrashlytics in Frameworks */ = {isa = PBXBuildFile; productRef = 065670B82CBBF15D00CF58CB /* FirebaseCrashlytics */; };
		065670BB2CBBF15D00CF58CB /* FirebaseMessaging in Frameworks */ = {isa = PBXBuildFile; productRef = 065670BA2CBBF15D00CF58CB /* FirebaseMessaging */; };
		065670BD2CBBF17F00CF58CB /* FirebaseAnalytics in Frameworks */ = {isa = PBXBuildFile; productRef = 065670BC2CBBF17F00CF58CB /* FirebaseAnalytics */; };
		06609A792CA9393000F67C6B /* TicketMakeVM.swift in Sources */ = {isa = PBXBuildFile; fileRef = 06609A782CA9393000F67C6B /* TicketMakeVM.swift */; };
		06609A7D2CA95ACC00F67C6B /* TicketManager.swift in Sources */ = {isa = PBXBuildFile; fileRef = 06609A7C2CA95ACC00F67C6B /* TicketManager.swift */; };
		06609A802CA95B4D00F67C6B /* TicketList.swift in Sources */ = {isa = PBXBuildFile; fileRef = 06609A7F2CA95B4D00F67C6B /* TicketList.swift */; };
		06609A822CA97E8A00F67C6B /* SaveTicketModel.swift in Sources */ = {isa = PBXBuildFile; fileRef = 06609A812CA97E8A00F67C6B /* SaveTicketModel.swift */; };
		06609A8B2CA9D80700F67C6B /* ReviewView.swift in Sources */ = {isa = PBXBuildFile; fileRef = 06609A8A2CA9D80700F67C6B /* ReviewView.swift */; };
		06609A8D2CAA2B1400F67C6B /* UpadteTicketModel.swift in Sources */ = {isa = PBXBuildFile; fileRef = 06609A8C2CAA2B1400F67C6B /* UpadteTicketModel.swift */; };
		06609A8F2CAAB85000F67C6B /* UserManger.swift in Sources */ = {isa = PBXBuildFile; fileRef = 06609A8E2CAAB85000F67C6B /* UserManger.swift */; };
		06609A922CAAB87800F67C6B /* UserDefault.swift in Sources */ = {isa = PBXBuildFile; fileRef = 06609A912CAAB87800F67C6B /* UserDefault.swift */; };
		06609A942CAACA0800F67C6B /* ProcessingPolicyView.swift in Sources */ = {isa = PBXBuildFile; fileRef = 06609A932CAACA0800F67C6B /* ProcessingPolicyView.swift */; };
		06609A962CAAF05F00F67C6B /* SplashView.swift in Sources */ = {isa = PBXBuildFile; fileRef = 06609A952CAAF05F00F67C6B /* SplashView.swift */; };
		06609A9A2CAFB0DE00F67C6B /* AnalysisView.swift in Sources */ = {isa = PBXBuildFile; fileRef = 06609A992CAFB0DE00F67C6B /* AnalysisView.swift */; };
		06609AE02CB3B59500F67C6B /* TestView.swift in Sources */ = {isa = PBXBuildFile; fileRef = 06609ADF2CB3B59500F67C6B /* TestView.swift */; };
		06609AE32CB3B8C000F67C6B /* CustomMapMarker.swift in Sources */ = {isa = PBXBuildFile; fileRef = 06609AE22CB3B8C000F67C6B /* CustomMapMarker.swift */; };
		06609AE72CB3BD0500F67C6B /* PlaceModel.swift in Sources */ = {isa = PBXBuildFile; fileRef = 06609AE62CB3BD0500F67C6B /* PlaceModel.swift */; };
		06609AE92CB3D3B300F67C6B /* Location.swift in Sources */ = {isa = PBXBuildFile; fileRef = 06609AE82CB3D3B300F67C6B /* Location.swift */; };
		06609AEB2CB3FF7900F67C6B /* NavigationWrapper.swift in Sources */ = {isa = PBXBuildFile; fileRef = 06609AEA2CB3FF7900F67C6B /* NavigationWrapper.swift */; };
		067030C72C9C0A2100190C92 /* NetworkManager.swift in Sources */ = {isa = PBXBuildFile; fileRef = 067030C62C9C0A2100190C92 /* NetworkManager.swift */; };
		067030CA2C9C0CC100190C92 /* PerformanceDTO.swift in Sources */ = {isa = PBXBuildFile; fileRef = 067030C92C9C0CC100190C92 /* PerformanceDTO.swift */; };
		067030CD2C9C213C00190C92 /* DetailPerformanceDTO.swift in Sources */ = {isa = PBXBuildFile; fileRef = 067030CC2C9C213C00190C92 /* DetailPerformanceDTO.swift */; };
		067030CF2C9C3B3D00190C92 /* GenreType.swift in Sources */ = {isa = PBXBuildFile; fileRef = 067030CE2C9C3B3D00190C92 /* GenreType.swift */; };
		067030D12C9C451E00190C92 /* PerformanceError.swift in Sources */ = {isa = PBXBuildFile; fileRef = 067030D02C9C451D00190C92 /* PerformanceError.swift */; };
		067030D32C9C4BD900190C92 /* FrameExtenstion.swift in Sources */ = {isa = PBXBuildFile; fileRef = 067030D22C9C4BD900190C92 /* FrameExtenstion.swift */; };
		067030D52C9C508000190C92 /* FacilityDTO.swift in Sources */ = {isa = PBXBuildFile; fileRef = 067030D42C9C508000190C92 /* FacilityDTO.swift */; };
		067030D82C9E89AE00190C92 /* RealmSwift in Frameworks */ = {isa = PBXBuildFile; productRef = 067030D72C9E89AE00190C92 /* RealmSwift */; };
		067030DC2C9E89CE00190C92 /* MainVM.swift in Sources */ = {isa = PBXBuildFile; fileRef = 067030DB2C9E89CE00190C92 /* MainVM.swift */; };
		067030DE2CA019A300190C92 /* TicketStorageVM.swift in Sources */ = {isa = PBXBuildFile; fileRef = 067030DD2CA019A300190C92 /* TicketStorageVM.swift */; };
		067030E42CA12B2800190C92 /* PerformanceModel.swift in Sources */ = {isa = PBXBuildFile; fileRef = 067030E32CA12B2800190C92 /* PerformanceModel.swift */; };
		067030E72CA1606000190C92 /* Kingfisher in Frameworks */ = {isa = PBXBuildFile; productRef = 067030E62CA1606000190C92 /* Kingfisher */; };
		067030E82CA25E3400190C92 /* RealmSwift in Embed Frameworks */ = {isa = PBXBuildFile; productRef = 067030D72C9E89AE00190C92 /* RealmSwift */; settings = {ATTRIBUTES = (CodeSignOnCopy, ); }; };
		067030EB2CA2968E00190C92 /* EXDetailPerformanceView.swift in Sources */ = {isa = PBXBuildFile; fileRef = 067030EA2CA2968E00190C92 /* EXDetailPerformanceView.swift */; };
		067030EE2CA2A17D00190C92 /* Font+.swift in Sources */ = {isa = PBXBuildFile; fileRef = 067030ED2CA2A17D00190C92 /* Font+.swift */; };
		0675027C2CA7CCE500FB7DDE /* TicketMakeView.swift in Sources */ = {isa = PBXBuildFile; fileRef = 0675027B2CA7CCE500FB7DDE /* TicketMakeView.swift */; };
		067502802CA7CDD600FB7DDE /* TabType.swift in Sources */ = {isa = PBXBuildFile; fileRef = 0675027F2CA7CDD600FB7DDE /* TabType.swift */; };
		067502852CA7E47600FB7DDE /* Cosmos in Frameworks */ = {isa = PBXBuildFile; productRef = 067502842CA7E47600FB7DDE /* Cosmos */; };
		067502872CA7E4E100FB7DDE /* RatingView.swift in Sources */ = {isa = PBXBuildFile; fileRef = 067502862CA7E4E100FB7DDE /* RatingView.swift */; };
		067502892CA7F27500FB7DDE /* TicketState.swift in Sources */ = {isa = PBXBuildFile; fileRef = 067502882CA7F27500FB7DDE /* TicketState.swift */; };
		0675028D2CA80C5800FB7DDE /* CustomTextEditorStyle.swift in Sources */ = {isa = PBXBuildFile; fileRef = 0675028C2CA80C5800FB7DDE /* CustomTextEditorStyle.swift */; };
		0675028F2CA80F3800FB7DDE /* View+.swift in Sources */ = {isa = PBXBuildFile; fileRef = 0675028E2CA80F3800FB7DDE /* View+.swift */; };
		067502912CA81BFF00FB7DDE /* PerformanceStateType.swift in Sources */ = {isa = PBXBuildFile; fileRef = 067502902CA81BFF00FB7DDE /* PerformanceStateType.swift */; };
		067502932CA82FE400FB7DDE /* TicketMakeModel.swift in Sources */ = {isa = PBXBuildFile; fileRef = 067502922CA82FE400FB7DDE /* TicketMakeModel.swift */; };
/* End PBXBuildFile section */

/* Begin PBXCopyFilesBuildPhase section */
		067030E92CA25E3400190C92 /* Embed Frameworks */ = {
			isa = PBXCopyFilesBuildPhase;
			buildActionMask = 2147483647;
			dstPath = "";
			dstSubfolderSpec = 10;
			files = (
				067030E82CA25E3400190C92 /* RealmSwift in Embed Frameworks */,
			);
			name = "Embed Frameworks";
			runOnlyForDeploymentPostprocessing = 0;
		};
/* End PBXCopyFilesBuildPhase section */

/* Begin PBXFileReference section */
		06347FDB2CA411FE0057001B /* HeaderType.swift */ = {isa = PBXFileReference; lastKnownFileType = sourcecode.swift; path = HeaderType.swift; sourceTree = "<group>"; };
		06347FDD2CA432D30057001B /* ShowPerformanceModel.swift */ = {isa = PBXFileReference; lastKnownFileType = sourcecode.swift; path = ShowPerformanceModel.swift; sourceTree = "<group>"; };
		06347FDF2CA4EA270057001B /* DetailPerformanceView.swift */ = {isa = PBXFileReference; lastKnownFileType = sourcecode.swift; path = DetailPerformanceView.swift; sourceTree = "<group>"; };
		064245A82C92C7B000C9134D /* musicalRecordProject.app */ = {isa = PBXFileReference; explicitFileType = wrapper.application; includeInIndex = 0; path = musicalRecordProject.app; sourceTree = BUILT_PRODUCTS_DIR; };
		064245AB2C92C7B000C9134D /* musicalRecordProjectApp.swift */ = {isa = PBXFileReference; lastKnownFileType = sourcecode.swift; path = musicalRecordProjectApp.swift; sourceTree = "<group>"; };
		064245AF2C92C7B200C9134D /* Assets.xcassets */ = {isa = PBXFileReference; lastKnownFileType = folder.assetcatalog; path = Assets.xcassets; sourceTree = "<group>"; };
		064245B22C92C7B200C9134D /* Preview Assets.xcassets */ = {isa = PBXFileReference; lastKnownFileType = folder.assetcatalog; path = "Preview Assets.xcassets"; sourceTree = "<group>"; };
		064245BC2C92C7D400C9134D /* MainView.swift */ = {isa = PBXFileReference; lastKnownFileType = sourcecode.swift; path = MainView.swift; sourceTree = "<group>"; };
		064245BF2C92C86F00C9134D /* ButtonWrapper.swift */ = {isa = PBXFileReference; fileEncoding = 4; lastKnownFileType = sourcecode.swift; path = ButtonWrapper.swift; sourceTree = "<group>"; };
		064245C02C92C86F00C9134D /* ForegroundWrapper.swift */ = {isa = PBXFileReference; fileEncoding = 4; lastKnownFileType = sourcecode.swift; path = ForegroundWrapper.swift; sourceTree = "<group>"; };
		064245C42C92C87900C9134D /* PrimaryText.swift */ = {isa = PBXFileReference; fileEncoding = 4; lastKnownFileType = sourcecode.swift; path = PrimaryText.swift; sourceTree = "<group>"; };
		064245CA2C92CA2E00C9134D /* .gitignore */ = {isa = PBXFileReference; lastKnownFileType = text; path = .gitignore; sourceTree = "<group>"; };
		064245CC2C92CAD100C9134D /* ViewModeltype.swift */ = {isa = PBXFileReference; lastKnownFileType = sourcecode.swift; path = ViewModeltype.swift; sourceTree = "<group>"; };
		064245CE2C92CBEB00C9134D /* HorizontalCalendarView.swift */ = {isa = PBXFileReference; lastKnownFileType = sourcecode.swift; path = HorizontalCalendarView.swift; sourceTree = "<group>"; };
		064245D02C92CDEB00C9134D /* SelectGenreView.swift */ = {isa = PBXFileReference; lastKnownFileType = sourcecode.swift; path = SelectGenreView.swift; sourceTree = "<group>"; };
		064245D32C92D01100C9134D /* Color+.swift */ = {isa = PBXFileReference; lastKnownFileType = sourcecode.swift; path = "Color+.swift"; sourceTree = "<group>"; };
		064862952C944671003B544E /* TicketView.swift */ = {isa = PBXFileReference; lastKnownFileType = sourcecode.swift; path = TicketView.swift; sourceTree = "<group>"; };
		064862972C944677003B544E /* SettingView.swift */ = {isa = PBXFileReference; lastKnownFileType = sourcecode.swift; path = SettingView.swift; sourceTree = "<group>"; };
		0648629C2C9446A0003B544E /* TabBarView.swift */ = {isa = PBXFileReference; lastKnownFileType = sourcecode.swift; path = TabBarView.swift; sourceTree = "<group>"; };
		064862A32C9562A8003B544E /* TicketStorageView.swift */ = {isa = PBXFileReference; lastKnownFileType = sourcecode.swift; path = TicketStorageView.swift; sourceTree = "<group>"; };
		064862A62C9581DC003B544E /* PerformancePicker.swift */ = {isa = PBXFileReference; lastKnownFileType = sourcecode.swift; path = PerformancePicker.swift; sourceTree = "<group>"; };
		064862AA2C958515003B544E /* CustomSegmentedControl.swift */ = {isa = PBXFileReference; lastKnownFileType = sourcecode.swift; path = CustomSegmentedControl.swift; sourceTree = "<group>"; };
		064862AE2C959C68003B544E /* Image+.swift */ = {isa = PBXFileReference; lastKnownFileType = sourcecode.swift; path = "Image+.swift"; sourceTree = "<group>"; };
		064862B02C95F461003B544E /* APIKey.swift */ = {isa = PBXFileReference; lastKnownFileType = sourcecode.swift; path = APIKey.swift; sourceTree = "<group>"; };
		065670B52CBBEEA200CF58CB /* GoogleService-Info.plist */ = {isa = PBXFileReference; fileEncoding = 4; lastKnownFileType = text.plist.xml; path = "GoogleService-Info.plist"; sourceTree = "<group>"; };
		06609A782CA9393000F67C6B /* TicketMakeVM.swift */ = {isa = PBXFileReference; lastKnownFileType = sourcecode.swift; path = TicketMakeVM.swift; sourceTree = "<group>"; };
		06609A7C2CA95ACC00F67C6B /* TicketManager.swift */ = {isa = PBXFileReference; lastKnownFileType = sourcecode.swift; path = TicketManager.swift; sourceTree = "<group>"; };
		06609A7F2CA95B4D00F67C6B /* TicketList.swift */ = {isa = PBXFileReference; lastKnownFileType = sourcecode.swift; path = TicketList.swift; sourceTree = "<group>"; };
		06609A812CA97E8A00F67C6B /* SaveTicketModel.swift */ = {isa = PBXFileReference; lastKnownFileType = sourcecode.swift; path = SaveTicketModel.swift; sourceTree = "<group>"; };
		06609A8A2CA9D80700F67C6B /* ReviewView.swift */ = {isa = PBXFileReference; lastKnownFileType = sourcecode.swift; path = ReviewView.swift; sourceTree = "<group>"; };
		06609A8C2CAA2B1400F67C6B /* UpadteTicketModel.swift */ = {isa = PBXFileReference; lastKnownFileType = sourcecode.swift; path = UpadteTicketModel.swift; sourceTree = "<group>"; };
		06609A8E2CAAB85000F67C6B /* UserManger.swift */ = {isa = PBXFileReference; lastKnownFileType = sourcecode.swift; path = UserManger.swift; sourceTree = "<group>"; };
		06609A912CAAB87800F67C6B /* UserDefault.swift */ = {isa = PBXFileReference; lastKnownFileType = sourcecode.swift; path = UserDefault.swift; sourceTree = "<group>"; };
		06609A932CAACA0800F67C6B /* ProcessingPolicyView.swift */ = {isa = PBXFileReference; lastKnownFileType = sourcecode.swift; path = ProcessingPolicyView.swift; sourceTree = "<group>"; };
		06609A952CAAF05F00F67C6B /* SplashView.swift */ = {isa = PBXFileReference; lastKnownFileType = sourcecode.swift; path = SplashView.swift; sourceTree = "<group>"; };
		06609A992CAFB0DE00F67C6B /* AnalysisView.swift */ = {isa = PBXFileReference; lastKnownFileType = sourcecode.swift; path = AnalysisView.swift; sourceTree = "<group>"; };
		06609ADF2CB3B59500F67C6B /* TestView.swift */ = {isa = PBXFileReference; lastKnownFileType = sourcecode.swift; path = TestView.swift; sourceTree = "<group>"; };
		06609AE22CB3B8C000F67C6B /* CustomMapMarker.swift */ = {isa = PBXFileReference; lastKnownFileType = sourcecode.swift; path = CustomMapMarker.swift; sourceTree = "<group>"; };
		06609AE62CB3BD0500F67C6B /* PlaceModel.swift */ = {isa = PBXFileReference; lastKnownFileType = sourcecode.swift; path = PlaceModel.swift; sourceTree = "<group>"; };
		06609AE82CB3D3B300F67C6B /* Location.swift */ = {isa = PBXFileReference; lastKnownFileType = sourcecode.swift; path = Location.swift; sourceTree = "<group>"; };
		06609AEA2CB3FF7900F67C6B /* NavigationWrapper.swift */ = {isa = PBXFileReference; lastKnownFileType = sourcecode.swift; path = NavigationWrapper.swift; sourceTree = "<group>"; };
		067030C62C9C0A2100190C92 /* NetworkManager.swift */ = {isa = PBXFileReference; lastKnownFileType = sourcecode.swift; path = NetworkManager.swift; sourceTree = "<group>"; };
		067030C92C9C0CC100190C92 /* PerformanceDTO.swift */ = {isa = PBXFileReference; lastKnownFileType = sourcecode.swift; path = PerformanceDTO.swift; sourceTree = "<group>"; };
		067030CB2C9C140C00190C92 /* Info.plist */ = {isa = PBXFileReference; lastKnownFileType = text.plist; path = Info.plist; sourceTree = "<group>"; };
		067030CC2C9C213C00190C92 /* DetailPerformanceDTO.swift */ = {isa = PBXFileReference; lastKnownFileType = sourcecode.swift; path = DetailPerformanceDTO.swift; sourceTree = "<group>"; };
		067030CE2C9C3B3D00190C92 /* GenreType.swift */ = {isa = PBXFileReference; lastKnownFileType = sourcecode.swift; path = GenreType.swift; sourceTree = "<group>"; };
		067030D02C9C451D00190C92 /* PerformanceError.swift */ = {isa = PBXFileReference; lastKnownFileType = sourcecode.swift; path = PerformanceError.swift; sourceTree = "<group>"; };
		067030D22C9C4BD900190C92 /* FrameExtenstion.swift */ = {isa = PBXFileReference; fileEncoding = 4; lastKnownFileType = sourcecode.swift; path = FrameExtenstion.swift; sourceTree = "<group>"; };
		067030D42C9C508000190C92 /* FacilityDTO.swift */ = {isa = PBXFileReference; lastKnownFileType = sourcecode.swift; path = FacilityDTO.swift; sourceTree = "<group>"; };
		067030DB2C9E89CE00190C92 /* MainVM.swift */ = {isa = PBXFileReference; lastKnownFileType = sourcecode.swift; path = MainVM.swift; sourceTree = "<group>"; };
		067030DD2CA019A300190C92 /* TicketStorageVM.swift */ = {isa = PBXFileReference; lastKnownFileType = sourcecode.swift; path = TicketStorageVM.swift; sourceTree = "<group>"; };
		067030E32CA12B2800190C92 /* PerformanceModel.swift */ = {isa = PBXFileReference; lastKnownFileType = sourcecode.swift; path = PerformanceModel.swift; sourceTree = "<group>"; };
		067030EA2CA2968E00190C92 /* EXDetailPerformanceView.swift */ = {isa = PBXFileReference; lastKnownFileType = sourcecode.swift; path = EXDetailPerformanceView.swift; sourceTree = "<group>"; };
		067030ED2CA2A17D00190C92 /* Font+.swift */ = {isa = PBXFileReference; lastKnownFileType = sourcecode.swift; path = "Font+.swift"; sourceTree = "<group>"; };
		0675027B2CA7CCE500FB7DDE /* TicketMakeView.swift */ = {isa = PBXFileReference; lastKnownFileType = sourcecode.swift; path = TicketMakeView.swift; sourceTree = "<group>"; };
		0675027F2CA7CDD600FB7DDE /* TabType.swift */ = {isa = PBXFileReference; lastKnownFileType = sourcecode.swift; path = TabType.swift; sourceTree = "<group>"; };
		067502862CA7E4E100FB7DDE /* RatingView.swift */ = {isa = PBXFileReference; lastKnownFileType = sourcecode.swift; path = RatingView.swift; sourceTree = "<group>"; };
		067502882CA7F27500FB7DDE /* TicketState.swift */ = {isa = PBXFileReference; lastKnownFileType = sourcecode.swift; path = TicketState.swift; sourceTree = "<group>"; };
		0675028C2CA80C5800FB7DDE /* CustomTextEditorStyle.swift */ = {isa = PBXFileReference; lastKnownFileType = sourcecode.swift; path = CustomTextEditorStyle.swift; sourceTree = "<group>"; };
		0675028E2CA80F3800FB7DDE /* View+.swift */ = {isa = PBXFileReference; lastKnownFileType = sourcecode.swift; path = "View+.swift"; sourceTree = "<group>"; };
		067502902CA81BFF00FB7DDE /* PerformanceStateType.swift */ = {isa = PBXFileReference; lastKnownFileType = sourcecode.swift; path = PerformanceStateType.swift; sourceTree = "<group>"; };
		067502922CA82FE400FB7DDE /* TicketMakeModel.swift */ = {isa = PBXFileReference; lastKnownFileType = sourcecode.swift; path = TicketMakeModel.swift; sourceTree = "<group>"; };
/* End PBXFileReference section */

/* Begin PBXFrameworksBuildPhase section */
		064245A52C92C7B000C9134D /* Frameworks */ = {
			isa = PBXFrameworksBuildPhase;
			buildActionMask = 2147483647;
			files = (
				067502852CA7E47600FB7DDE /* Cosmos in Frameworks */,
				065670B92CBBF15D00CF58CB /* FirebaseCrashlytics in Frameworks */,
				065670BD2CBBF17F00CF58CB /* FirebaseAnalytics in Frameworks */,
				065670BB2CBBF15D00CF58CB /* FirebaseMessaging in Frameworks */,
				067030E72CA1606000190C92 /* Kingfisher in Frameworks */,
				067030D82C9E89AE00190C92 /* RealmSwift in Frameworks */,
			);
			runOnlyForDeploymentPostprocessing = 0;
		};
/* End PBXFrameworksBuildPhase section */

/* Begin PBXGroup section */
		06347FDA2CA411F00057001B /* Model */ = {
			isa = PBXGroup;
			children = (
				06347FDB2CA411FE0057001B /* HeaderType.swift */,
				06347FDD2CA432D30057001B /* ShowPerformanceModel.swift */,
				06609AE62CB3BD0500F67C6B /* PlaceModel.swift */,
				06609AE82CB3D3B300F67C6B /* Location.swift */,
			);
			path = Model;
			sourceTree = "<group>";
		};
		0642459F2C92C7B000C9134D = {
			isa = PBXGroup;
			children = (
				064245CA2C92CA2E00C9134D /* .gitignore */,
				064245AA2C92C7B000C9134D /* musicalRecordProject */,
				064245A92C92C7B000C9134D /* Products */,
			);
			sourceTree = "<group>";
		};
		064245A92C92C7B000C9134D /* Products */ = {
			isa = PBXGroup;
			children = (
				064245A82C92C7B000C9134D /* musicalRecordProject.app */,
			);
			name = Products;
			sourceTree = "<group>";
		};
		064245AA2C92C7B000C9134D /* musicalRecordProject */ = {
			isa = PBXGroup;
			children = (
				064245AB2C92C7B000C9134D /* musicalRecordProjectApp.swift */,
				06609A952CAAF05F00F67C6B /* SplashView.swift */,
				06609AE12CB3B8AC00F67C6B /* CustomView */,
				064245D22C92D00600C9134D /* Extension+ */,
				064245C92C92CA0200C9134D /* Protocol */,
				064245C72C92C88200C9134D /* Service */,
				064245C12C92C86F00C9134D /* Wrapper */,
				064862992C94467D003B544E /* TabBar */,
				064862942C944656003B544E /* Setting */,
				064245BA2C92C7C500C9134D /* Ticket */,
				064245B92C92C7BF00C9134D /* Main */,
				067030EC2CA2969C00190C92 /* DetailPerformance */,
				0675027A2CA7CCC700FB7DDE /* TicketMake */,
				06609A982CAFB0C100F67C6B /* Analysis */,
				067030CB2C9C140C00190C92 /* Info.plist */,
				065670B52CBBEEA200CF58CB /* GoogleService-Info.plist */,
				064245AF2C92C7B200C9134D /* Assets.xcassets */,
				064245B12C92C7B200C9134D /* Preview Content */,
				06609ADF2CB3B59500F67C6B /* TestView.swift */,
			);
			path = musicalRecordProject;
			sourceTree = "<group>";
		};
		064245B12C92C7B200C9134D /* Preview Content */ = {
			isa = PBXGroup;
			children = (
				064245B22C92C7B200C9134D /* Preview Assets.xcassets */,
			);
			path = "Preview Content";
			sourceTree = "<group>";
		};
		064245B92C92C7BF00C9134D /* Main */ = {
			isa = PBXGroup;
			children = (
				067030E12CA12A8400190C92 /* Model */,
				064245C82C92C95300C9134D /* View */,
				064245BC2C92C7D400C9134D /* MainView.swift */,
				067030DB2C9E89CE00190C92 /* MainVM.swift */,
			);
			path = Main;
			sourceTree = "<group>";
		};
		064245BA2C92C7C500C9134D /* Ticket */ = {
			isa = PBXGroup;
			children = (
				064862A52C9581B6003B544E /* Enum */,
				0648629E2C94A4EC003B544E /* View */,
				064862A32C9562A8003B544E /* TicketStorageView.swift */,
				067030DD2CA019A300190C92 /* TicketStorageVM.swift */,
				06609A812CA97E8A00F67C6B /* SaveTicketModel.swift */,
				06609A8A2CA9D80700F67C6B /* ReviewView.swift */,
				06609A8C2CAA2B1400F67C6B /* UpadteTicketModel.swift */,
			);
			path = Ticket;
			sourceTree = "<group>";
		};
		064245C12C92C86F00C9134D /* Wrapper */ = {
			isa = PBXGroup;
			children = (
				064245C42C92C87900C9134D /* PrimaryText.swift */,
				0675028C2CA80C5800FB7DDE /* CustomTextEditorStyle.swift */,
				064245BF2C92C86F00C9134D /* ButtonWrapper.swift */,
				064245C02C92C86F00C9134D /* ForegroundWrapper.swift */,
				06609AEA2CB3FF7900F67C6B /* NavigationWrapper.swift */,
			);
			path = Wrapper;
			sourceTree = "<group>";
		};
		064245C72C92C88200C9134D /* Service */ = {
			isa = PBXGroup;
			children = (
				06609A902CAAB87000F67C6B /* User */,
				06609A7E2CA95AD500F67C6B /* Realm */,
				067030D02C9C451D00190C92 /* PerformanceError.swift */,
				067030C82C9C0CB600190C92 /* DTO */,
				064862B02C95F461003B544E /* APIKey.swift */,
				067030C62C9C0A2100190C92 /* NetworkManager.swift */,
			);
			path = Service;
			sourceTree = "<group>";
		};
		064245C82C92C95300C9134D /* View */ = {
			isa = PBXGroup;
			children = (
				064245D02C92CDEB00C9134D /* SelectGenreView.swift */,
				064245CE2C92CBEB00C9134D /* HorizontalCalendarView.swift */,
			);
			path = View;
			sourceTree = "<group>";
		};
		064245C92C92CA0200C9134D /* Protocol */ = {
			isa = PBXGroup;
			children = (
				064245CC2C92CAD100C9134D /* ViewModeltype.swift */,
			);
			path = Protocol;
			sourceTree = "<group>";
		};
		064245D22C92D00600C9134D /* Extension+ */ = {
			isa = PBXGroup;
			children = (
				067030D22C9C4BD900190C92 /* FrameExtenstion.swift */,
				064245D32C92D01100C9134D /* Color+.swift */,
				064862AE2C959C68003B544E /* Image+.swift */,
				067030ED2CA2A17D00190C92 /* Font+.swift */,
				0675028E2CA80F3800FB7DDE /* View+.swift */,
			);
			path = "Extension+";
			sourceTree = "<group>";
		};
		064862942C944656003B544E /* Setting */ = {
			isa = PBXGroup;
			children = (
				064862972C944677003B544E /* SettingView.swift */,
				06609A932CAACA0800F67C6B /* ProcessingPolicyView.swift */,
			);
			path = Setting;
			sourceTree = "<group>";
		};
		064862992C94467D003B544E /* TabBar */ = {
			isa = PBXGroup;
			children = (
				0648629C2C9446A0003B544E /* TabBarView.swift */,
				0675027F2CA7CDD600FB7DDE /* TabType.swift */,
			);
			path = TabBar;
			sourceTree = "<group>";
		};
		0648629E2C94A4EC003B544E /* View */ = {
			isa = PBXGroup;
			children = (
				064862952C944671003B544E /* TicketView.swift */,
				064862AA2C958515003B544E /* CustomSegmentedControl.swift */,
			);
			path = View;
			sourceTree = "<group>";
		};
		064862A52C9581B6003B544E /* Enum */ = {
			isa = PBXGroup;
			children = (
				064862A62C9581DC003B544E /* PerformancePicker.swift */,
			);
			path = Enum;
			sourceTree = "<group>";
		};
		06609A7E2CA95AD500F67C6B /* Realm */ = {
			isa = PBXGroup;
			children = (
				06609A7C2CA95ACC00F67C6B /* TicketManager.swift */,
				06609A7F2CA95B4D00F67C6B /* TicketList.swift */,
			);
			path = Realm;
			sourceTree = "<group>";
		};
		06609A902CAAB87000F67C6B /* User */ = {
			isa = PBXGroup;
			children = (
				06609A912CAAB87800F67C6B /* UserDefault.swift */,
				06609A8E2CAAB85000F67C6B /* UserManger.swift */,
			);
			path = User;
			sourceTree = "<group>";
		};
		06609A982CAFB0C100F67C6B /* Analysis */ = {
			isa = PBXGroup;
			children = (
				06609A992CAFB0DE00F67C6B /* AnalysisView.swift */,
			);
			path = Analysis;
			sourceTree = "<group>";
		};
		06609AE12CB3B8AC00F67C6B /* CustomView */ = {
			isa = PBXGroup;
			children = (
				06609AE22CB3B8C000F67C6B /* CustomMapMarker.swift */,
			);
			path = CustomView;
			sourceTree = "<group>";
		};
		067030C82C9C0CB600190C92 /* DTO */ = {
			isa = PBXGroup;
			children = (
				067030C92C9C0CC100190C92 /* PerformanceDTO.swift */,
				067030CC2C9C213C00190C92 /* DetailPerformanceDTO.swift */,
				067030D42C9C508000190C92 /* FacilityDTO.swift */,
			);
			path = DTO;
			sourceTree = "<group>";
		};
		067030E12CA12A8400190C92 /* Model */ = {
			isa = PBXGroup;
			children = (
				067030E22CA12A8D00190C92 /* Enum */,
				067030E32CA12B2800190C92 /* PerformanceModel.swift */,
			);
			path = Model;
			sourceTree = "<group>";
		};
		067030E22CA12A8D00190C92 /* Enum */ = {
			isa = PBXGroup;
			children = (
				067030CE2C9C3B3D00190C92 /* GenreType.swift */,
			);
			path = Enum;
			sourceTree = "<group>";
		};
		067030EC2CA2969C00190C92 /* DetailPerformance */ = {
			isa = PBXGroup;
			children = (
				06347FDA2CA411F00057001B /* Model */,
				067030EA2CA2968E00190C92 /* EXDetailPerformanceView.swift */,
				06347FDF2CA4EA270057001B /* DetailPerformanceView.swift */,
				067502902CA81BFF00FB7DDE /* PerformanceStateType.swift */,
			);
			path = DetailPerformance;
			sourceTree = "<group>";
		};
		0675027A2CA7CCC700FB7DDE /* TicketMake */ = {
			isa = PBXGroup;
			children = (
				0675027B2CA7CCE500FB7DDE /* TicketMakeView.swift */,
				06609A782CA9393000F67C6B /* TicketMakeVM.swift */,
				067502922CA82FE400FB7DDE /* TicketMakeModel.swift */,
				067502862CA7E4E100FB7DDE /* RatingView.swift */,
				067502882CA7F27500FB7DDE /* TicketState.swift */,
			);
			path = TicketMake;
			sourceTree = "<group>";
		};
/* End PBXGroup section */

/* Begin PBXNativeTarget section */
		064245A72C92C7B000C9134D /* musicalRecordProject */ = {
			isa = PBXNativeTarget;
			buildConfigurationList = 064245B62C92C7B200C9134D /* Build configuration list for PBXNativeTarget "musicalRecordProject" */;
			buildPhases = (
				064245A42C92C7B000C9134D /* Sources */,
				064245A52C92C7B000C9134D /* Frameworks */,
				064245A62C92C7B000C9134D /* Resources */,
				067030E92CA25E3400190C92 /* Embed Frameworks */,
				065670BE2CBBF31E00CF58CB /* ShellScript */,
			);
			buildRules = (
			);
			dependencies = (
			);
			name = musicalRecordProject;
			packageProductDependencies = (
				067030D72C9E89AE00190C92 /* RealmSwift */,
				067030E62CA1606000190C92 /* Kingfisher */,
				067502842CA7E47600FB7DDE /* Cosmos */,
				065670B82CBBF15D00CF58CB /* FirebaseCrashlytics */,
				065670BA2CBBF15D00CF58CB /* FirebaseMessaging */,
				065670BC2CBBF17F00CF58CB /* FirebaseAnalytics */,
			);
			productName = musicalRecordProject;
			productReference = 064245A82C92C7B000C9134D /* musicalRecordProject.app */;
			productType = "com.apple.product-type.application";
		};
/* End PBXNativeTarget section */

/* Begin PBXProject section */
		064245A02C92C7B000C9134D /* Project object */ = {
			isa = PBXProject;
			attributes = {
				BuildIndependentTargetsInParallel = 1;
				LastSwiftUpdateCheck = 1540;
				LastUpgradeCheck = 1540;
				TargetAttributes = {
					064245A72C92C7B000C9134D = {
						CreatedOnToolsVersion = 15.4;
					};
				};
			};
			buildConfigurationList = 064245A32C92C7B000C9134D /* Build configuration list for PBXProject "musicalRecordProject" */;
			compatibilityVersion = "Xcode 14.0";
			developmentRegion = en;
			hasScannedForEncodings = 0;
			knownRegions = (
				en,
				Base,
			);
			mainGroup = 0642459F2C92C7B000C9134D;
			packageReferences = (
				067030D62C9E89AE00190C92 /* XCRemoteSwiftPackageReference "realm-swift" */,
				067030E52CA1606000190C92 /* XCRemoteSwiftPackageReference "Kingfisher" */,
				067502832CA7E47600FB7DDE /* XCRemoteSwiftPackageReference "Cosmos" */,
				065670B72CBBF15D00CF58CB /* XCRemoteSwiftPackageReference "firebase-ios-sdk" */,
			);
			productRefGroup = 064245A92C92C7B000C9134D /* Products */;
			projectDirPath = "";
			projectRoot = "";
			targets = (
				064245A72C92C7B000C9134D /* musicalRecordProject */,
			);
		};
/* End PBXProject section */

/* Begin PBXResourcesBuildPhase section */
		064245A62C92C7B000C9134D /* Resources */ = {
			isa = PBXResourcesBuildPhase;
			buildActionMask = 2147483647;
			files = (
				064245B32C92C7B200C9134D /* Preview Assets.xcassets in Resources */,
				065670B62CBBEEA200CF58CB /* GoogleService-Info.plist in Resources */,
				064245CB2C92CA2E00C9134D /* .gitignore in Resources */,
				064245B02C92C7B200C9134D /* Assets.xcassets in Resources */,
			);
			runOnlyForDeploymentPostprocessing = 0;
		};
/* End PBXResourcesBuildPhase section */

/* Begin PBXShellScriptBuildPhase section */
		065670BE2CBBF31E00CF58CB /* ShellScript */ = {
			isa = PBXShellScriptBuildPhase;
			buildActionMask = 12;
			files = (
			);
			inputFileListPaths = (
			);
			inputPaths = (
				"${DWARF_DSYM_FOLDER_PATH}/${DWARF_DSYM_FILE_NAME}",
				"${DWARF_DSYM_FOLDER_PATH}/${DWARF_DSYM_FILE_NAME}/Contents/Resources/DWARF/${PRODUCT_NAME}",
				"${DWARF_DSYM_FOLDER_PATH}/${DWARF_DSYM_FILE_NAME}/Contents/Info.plist",
				"$(TARGET_BUILD_DIR)/$(UNLOCALIZED_RESOURCES_FOLDER_PATH)/GoogleService-Info.plist",
				"$(TARGET_BUILD_DIR)/$(EXECUTABLE_PATH)",
			);
			outputFileListPaths = (
			);
			outputPaths = (
			);
			runOnlyForDeploymentPostprocessing = 0;
			shellPath = /bin/sh;
			shellScript = "# Type a script or drag a script file from your workspace to insert its path.\n\"${BUILD_DIR%/Build/*}/SourcePackages/checkouts/firebase-ios-sdk/Crashlytics/run\"\n";
		};
/* End PBXShellScriptBuildPhase section */

/* Begin PBXSourcesBuildPhase section */
		064245A42C92C7B000C9134D /* Sources */ = {
			isa = PBXSourcesBuildPhase;
			buildActionMask = 2147483647;
			files = (
				067030DE2CA019A300190C92 /* TicketStorageVM.swift in Sources */,
				067030C72C9C0A2100190C92 /* NetworkManager.swift in Sources */,
				06609A792CA9393000F67C6B /* TicketMakeVM.swift in Sources */,
				067502932CA82FE400FB7DDE /* TicketMakeModel.swift in Sources */,
				06609A942CAACA0800F67C6B /* ProcessingPolicyView.swift in Sources */,
				067502912CA81BFF00FB7DDE /* PerformanceStateType.swift in Sources */,
				067030EB2CA2968E00190C92 /* EXDetailPerformanceView.swift in Sources */,
				06609AE72CB3BD0500F67C6B /* PlaceModel.swift in Sources */,
				067502872CA7E4E100FB7DDE /* RatingView.swift in Sources */,
				064245C22C92C86F00C9134D /* ButtonWrapper.swift in Sources */,
				067030D52C9C508000190C92 /* FacilityDTO.swift in Sources */,
				06609A822CA97E8A00F67C6B /* SaveTicketModel.swift in Sources */,
				06609AE92CB3D3B300F67C6B /* Location.swift in Sources */,
				06609A8B2CA9D80700F67C6B /* ReviewView.swift in Sources */,
				064862B12C95F461003B544E /* APIKey.swift in Sources */,
				067030EE2CA2A17D00190C92 /* Font+.swift in Sources */,
				06609A8F2CAAB85000F67C6B /* UserManger.swift in Sources */,
				067030DC2C9E89CE00190C92 /* MainVM.swift in Sources */,
				064862A42C9562A8003B544E /* TicketStorageView.swift in Sources */,
				067030CF2C9C3B3D00190C92 /* GenreType.swift in Sources */,
				064862A72C9581DC003B544E /* PerformancePicker.swift in Sources */,
				067030CD2C9C213C00190C92 /* DetailPerformanceDTO.swift in Sources */,
				067030CA2C9C0CC100190C92 /* PerformanceDTO.swift in Sources */,
				0648629D2C9446A0003B544E /* TabBarView.swift in Sources */,
				067502892CA7F27500FB7DDE /* TicketState.swift in Sources */,
				064245D42C92D01100C9134D /* Color+.swift in Sources */,
				06609AE02CB3B59500F67C6B /* TestView.swift in Sources */,
				0675027C2CA7CCE500FB7DDE /* TicketMakeView.swift in Sources */,
				0675028D2CA80C5800FB7DDE /* CustomTextEditorStyle.swift in Sources */,
				064245C62C92C87900C9134D /* PrimaryText.swift in Sources */,
				06609A962CAAF05F00F67C6B /* SplashView.swift in Sources */,
				06347FDC2CA411FE0057001B /* HeaderType.swift in Sources */,
				064245CD2C92CAD100C9134D /* ViewModeltype.swift in Sources */,
				064862AB2C958515003B544E /* CustomSegmentedControl.swift in Sources */,
				06609A9A2CAFB0DE00F67C6B /* AnalysisView.swift in Sources */,
				064862962C944671003B544E /* TicketView.swift in Sources */,
				06609AE32CB3B8C000F67C6B /* CustomMapMarker.swift in Sources */,
				064245CF2C92CBEB00C9134D /* HorizontalCalendarView.swift in Sources */,
				06609A8D2CAA2B1400F67C6B /* UpadteTicketModel.swift in Sources */,
				06609A922CAAB87800F67C6B /* UserDefault.swift in Sources */,
				0675028F2CA80F3800FB7DDE /* View+.swift in Sources */,
				064862982C944677003B544E /* SettingView.swift in Sources */,
				067030D32C9C4BD900190C92 /* FrameExtenstion.swift in Sources */,
				06609AEB2CB3FF7900F67C6B /* NavigationWrapper.swift in Sources */,
				064862AF2C959C68003B544E /* Image+.swift in Sources */,
				06347FDE2CA432D30057001B /* ShowPerformanceModel.swift in Sources */,
				067502802CA7CDD600FB7DDE /* TabType.swift in Sources */,
				06609A802CA95B4D00F67C6B /* TicketList.swift in Sources */,
				06347FE02CA4EA270057001B /* DetailPerformanceView.swift in Sources */,
				06609A7D2CA95ACC00F67C6B /* TicketManager.swift in Sources */,
				064245D12C92CDEB00C9134D /* SelectGenreView.swift in Sources */,
				067030E42CA12B2800190C92 /* PerformanceModel.swift in Sources */,
				064245AC2C92C7B000C9134D /* musicalRecordProjectApp.swift in Sources */,
				067030D12C9C451E00190C92 /* PerformanceError.swift in Sources */,
				064245C32C92C86F00C9134D /* ForegroundWrapper.swift in Sources */,
				064245BD2C92C7D400C9134D /* MainView.swift in Sources */,
			);
			runOnlyForDeploymentPostprocessing = 0;
		};
/* End PBXSourcesBuildPhase section */

/* Begin XCBuildConfiguration section */
		064245B42C92C7B200C9134D /* Debug */ = {
			isa = XCBuildConfiguration;
			buildSettings = {
				ALWAYS_SEARCH_USER_PATHS = NO;
				ASSETCATALOG_COMPILER_GENERATE_SWIFT_ASSET_SYMBOL_EXTENSIONS = YES;
				CLANG_ANALYZER_NONNULL = YES;
				CLANG_ANALYZER_NUMBER_OBJECT_CONVERSION = YES_AGGRESSIVE;
				CLANG_CXX_LANGUAGE_STANDARD = "gnu++20";
				CLANG_ENABLE_MODULES = YES;
				CLANG_ENABLE_OBJC_ARC = YES;
				CLANG_ENABLE_OBJC_WEAK = YES;
				CLANG_WARN_BLOCK_CAPTURE_AUTORELEASING = YES;
				CLANG_WARN_BOOL_CONVERSION = YES;
				CLANG_WARN_COMMA = YES;
				CLANG_WARN_CONSTANT_CONVERSION = YES;
				CLANG_WARN_DEPRECATED_OBJC_IMPLEMENTATIONS = YES;
				CLANG_WARN_DIRECT_OBJC_ISA_USAGE = YES_ERROR;
				CLANG_WARN_DOCUMENTATION_COMMENTS = YES;
				CLANG_WARN_EMPTY_BODY = YES;
				CLANG_WARN_ENUM_CONVERSION = YES;
				CLANG_WARN_INFINITE_RECURSION = YES;
				CLANG_WARN_INT_CONVERSION = YES;
				CLANG_WARN_NON_LITERAL_NULL_CONVERSION = YES;
				CLANG_WARN_OBJC_IMPLICIT_RETAIN_SELF = YES;
				CLANG_WARN_OBJC_LITERAL_CONVERSION = YES;
				CLANG_WARN_OBJC_ROOT_CLASS = YES_ERROR;
				CLANG_WARN_QUOTED_INCLUDE_IN_FRAMEWORK_HEADER = YES;
				CLANG_WARN_RANGE_LOOP_ANALYSIS = YES;
				CLANG_WARN_STRICT_PROTOTYPES = YES;
				CLANG_WARN_SUSPICIOUS_MOVE = YES;
				CLANG_WARN_UNGUARDED_AVAILABILITY = YES_AGGRESSIVE;
				CLANG_WARN_UNREACHABLE_CODE = YES;
				CLANG_WARN__DUPLICATE_METHOD_MATCH = YES;
				COPY_PHASE_STRIP = NO;
				DEBUG_INFORMATION_FORMAT = "dwarf-with-dsym";
				ENABLE_STRICT_OBJC_MSGSEND = YES;
				ENABLE_TESTABILITY = YES;
				ENABLE_USER_SCRIPT_SANDBOXING = YES;
				GCC_C_LANGUAGE_STANDARD = gnu17;
				GCC_DYNAMIC_NO_PIC = NO;
				GCC_NO_COMMON_BLOCKS = YES;
				GCC_OPTIMIZATION_LEVEL = 0;
				GCC_PREPROCESSOR_DEFINITIONS = (
					"DEBUG=1",
					"$(inherited)",
				);
				GCC_WARN_64_TO_32_BIT_CONVERSION = YES;
				GCC_WARN_ABOUT_RETURN_TYPE = YES_ERROR;
				GCC_WARN_UNDECLARED_SELECTOR = YES;
				GCC_WARN_UNINITIALIZED_AUTOS = YES_AGGRESSIVE;
				GCC_WARN_UNUSED_FUNCTION = YES;
				GCC_WARN_UNUSED_VARIABLE = YES;
				IPHONEOS_DEPLOYMENT_TARGET = 17.5;
				LOCALIZATION_PREFERS_STRING_CATALOGS = YES;
				MTL_ENABLE_DEBUG_INFO = INCLUDE_SOURCE;
				MTL_FAST_MATH = YES;
				ONLY_ACTIVE_ARCH = YES;
				SDKROOT = iphoneos;
				SWIFT_ACTIVE_COMPILATION_CONDITIONS = "DEBUG $(inherited)";
				SWIFT_OPTIMIZATION_LEVEL = "-Onone";
			};
			name = Debug;
		};
		064245B52C92C7B200C9134D /* Release */ = {
			isa = XCBuildConfiguration;
			buildSettings = {
				ALWAYS_SEARCH_USER_PATHS = NO;
				ASSETCATALOG_COMPILER_GENERATE_SWIFT_ASSET_SYMBOL_EXTENSIONS = YES;
				CLANG_ANALYZER_NONNULL = YES;
				CLANG_ANALYZER_NUMBER_OBJECT_CONVERSION = YES_AGGRESSIVE;
				CLANG_CXX_LANGUAGE_STANDARD = "gnu++20";
				CLANG_ENABLE_MODULES = YES;
				CLANG_ENABLE_OBJC_ARC = YES;
				CLANG_ENABLE_OBJC_WEAK = YES;
				CLANG_WARN_BLOCK_CAPTURE_AUTORELEASING = YES;
				CLANG_WARN_BOOL_CONVERSION = YES;
				CLANG_WARN_COMMA = YES;
				CLANG_WARN_CONSTANT_CONVERSION = YES;
				CLANG_WARN_DEPRECATED_OBJC_IMPLEMENTATIONS = YES;
				CLANG_WARN_DIRECT_OBJC_ISA_USAGE = YES_ERROR;
				CLANG_WARN_DOCUMENTATION_COMMENTS = YES;
				CLANG_WARN_EMPTY_BODY = YES;
				CLANG_WARN_ENUM_CONVERSION = YES;
				CLANG_WARN_INFINITE_RECURSION = YES;
				CLANG_WARN_INT_CONVERSION = YES;
				CLANG_WARN_NON_LITERAL_NULL_CONVERSION = YES;
				CLANG_WARN_OBJC_IMPLICIT_RETAIN_SELF = YES;
				CLANG_WARN_OBJC_LITERAL_CONVERSION = YES;
				CLANG_WARN_OBJC_ROOT_CLASS = YES_ERROR;
				CLANG_WARN_QUOTED_INCLUDE_IN_FRAMEWORK_HEADER = YES;
				CLANG_WARN_RANGE_LOOP_ANALYSIS = YES;
				CLANG_WARN_STRICT_PROTOTYPES = YES;
				CLANG_WARN_SUSPICIOUS_MOVE = YES;
				CLANG_WARN_UNGUARDED_AVAILABILITY = YES_AGGRESSIVE;
				CLANG_WARN_UNREACHABLE_CODE = YES;
				CLANG_WARN__DUPLICATE_METHOD_MATCH = YES;
				COPY_PHASE_STRIP = NO;
				DEBUG_INFORMATION_FORMAT = "dwarf-with-dsym";
				ENABLE_NS_ASSERTIONS = NO;
				ENABLE_STRICT_OBJC_MSGSEND = YES;
				ENABLE_USER_SCRIPT_SANDBOXING = YES;
				GCC_C_LANGUAGE_STANDARD = gnu17;
				GCC_NO_COMMON_BLOCKS = YES;
				GCC_WARN_64_TO_32_BIT_CONVERSION = YES;
				GCC_WARN_ABOUT_RETURN_TYPE = YES_ERROR;
				GCC_WARN_UNDECLARED_SELECTOR = YES;
				GCC_WARN_UNINITIALIZED_AUTOS = YES_AGGRESSIVE;
				GCC_WARN_UNUSED_FUNCTION = YES;
				GCC_WARN_UNUSED_VARIABLE = YES;
				IPHONEOS_DEPLOYMENT_TARGET = 17.5;
				LOCALIZATION_PREFERS_STRING_CATALOGS = YES;
				MTL_ENABLE_DEBUG_INFO = NO;
				MTL_FAST_MATH = YES;
				SDKROOT = iphoneos;
				SWIFT_COMPILATION_MODE = wholemodule;
				VALIDATE_PRODUCT = YES;
			};
			name = Release;
		};
		064245B72C92C7B200C9134D /* Debug */ = {
			isa = XCBuildConfiguration;
			buildSettings = {
				ASSETCATALOG_COMPILER_APPICON_NAME = AppIcon;
				ASSETCATALOG_COMPILER_GLOBAL_ACCENT_COLOR_NAME = AccentColor;
				CODE_SIGN_STYLE = Automatic;
				CURRENT_PROJECT_VERSION = 1;
				DEVELOPMENT_ASSET_PATHS = "\"musicalRecordProject/Preview Content\"";
				DEVELOPMENT_TEAM = G9LS4YQCM2;
				ENABLE_PREVIEWS = YES;
				GENERATE_INFOPLIST_FILE = YES;
				INFOPLIST_FILE = musicalRecordProject/Info.plist;
				INFOPLIST_KEY_CFBundleDisplayName = "내안의연뮤";
				INFOPLIST_KEY_LSApplicationCategoryType = "public.app-category.lifestyle";
				INFOPLIST_KEY_UIApplicationSceneManifest_Generation = YES;
				INFOPLIST_KEY_UIApplicationSupportsIndirectInputEvents = YES;
				INFOPLIST_KEY_UILaunchScreen_Generation = YES;
				INFOPLIST_KEY_UIStatusBarStyle = "";
				INFOPLIST_KEY_UISupportedInterfaceOrientations = UIInterfaceOrientationPortrait;
				INFOPLIST_KEY_UISupportedInterfaceOrientations_iPad = UIInterfaceOrientationPortrait;
				IPHONEOS_DEPLOYMENT_TARGET = 16.0;
				LD_RUNPATH_SEARCH_PATHS = (
					"$(inherited)",
					"@executable_path/Frameworks",
				);
				MARKETING_VERSION = 1.0.2;
				PRODUCT_BUNDLE_IDENTIFIER = com.Sixteenis.musicalRecordProject;
				PRODUCT_NAME = "$(TARGET_NAME)";
				SUPPORTED_PLATFORMS = "iphoneos iphonesimulator";
				SUPPORTS_MACCATALYST = NO;
				SUPPORTS_MAC_DESIGNED_FOR_IPHONE_IPAD = NO;
				SUPPORTS_XR_DESIGNED_FOR_IPHONE_IPAD = NO;
				SWIFT_EMIT_LOC_STRINGS = YES;
				SWIFT_VERSION = 5.0;
				TARGETED_DEVICE_FAMILY = 1;
			};
			name = Debug;
		};
		064245B82C92C7B200C9134D /* Release */ = {
			isa = XCBuildConfiguration;
			buildSettings = {
				ASSETCATALOG_COMPILER_APPICON_NAME = AppIcon;
				ASSETCATALOG_COMPILER_GLOBAL_ACCENT_COLOR_NAME = AccentColor;
				CODE_SIGN_STYLE = Automatic;
				CURRENT_PROJECT_VERSION = 1;
				DEVELOPMENT_ASSET_PATHS = "\"musicalRecordProject/Preview Content\"";
				DEVELOPMENT_TEAM = G9LS4YQCM2;
				ENABLE_PREVIEWS = YES;
				GENERATE_INFOPLIST_FILE = YES;
				INFOPLIST_FILE = musicalRecordProject/Info.plist;
				INFOPLIST_KEY_CFBundleDisplayName = "내안의연뮤";
				INFOPLIST_KEY_LSApplicationCategoryType = "public.app-category.lifestyle";
				INFOPLIST_KEY_UIApplicationSceneManifest_Generation = YES;
				INFOPLIST_KEY_UIApplicationSupportsIndirectInputEvents = YES;
				INFOPLIST_KEY_UILaunchScreen_Generation = YES;
				INFOPLIST_KEY_UIStatusBarStyle = "";
				INFOPLIST_KEY_UISupportedInterfaceOrientations = UIInterfaceOrientationPortrait;
				INFOPLIST_KEY_UISupportedInterfaceOrientations_iPad = UIInterfaceOrientationPortrait;
				IPHONEOS_DEPLOYMENT_TARGET = 16.0;
				LD_RUNPATH_SEARCH_PATHS = (
					"$(inherited)",
					"@executable_path/Frameworks",
				);
				MARKETING_VERSION = 1.0.2;
				PRODUCT_BUNDLE_IDENTIFIER = com.Sixteenis.musicalRecordProject;
				PRODUCT_NAME = "$(TARGET_NAME)";
				SUPPORTED_PLATFORMS = "iphoneos iphonesimulator";
				SUPPORTS_MACCATALYST = NO;
				SUPPORTS_MAC_DESIGNED_FOR_IPHONE_IPAD = NO;
				SUPPORTS_XR_DESIGNED_FOR_IPHONE_IPAD = NO;
				SWIFT_EMIT_LOC_STRINGS = YES;
				SWIFT_VERSION = 5.0;
				TARGETED_DEVICE_FAMILY = 1;
			};
			name = Release;
		};
/* End XCBuildConfiguration section */

/* Begin XCConfigurationList section */
		064245A32C92C7B000C9134D /* Build configuration list for PBXProject "musicalRecordProject" */ = {
			isa = XCConfigurationList;
			buildConfigurations = (
				064245B42C92C7B200C9134D /* Debug */,
				064245B52C92C7B200C9134D /* Release */,
			);
			defaultConfigurationIsVisible = 0;
			defaultConfigurationName = Release;
		};
		064245B62C92C7B200C9134D /* Build configuration list for PBXNativeTarget "musicalRecordProject" */ = {
			isa = XCConfigurationList;
			buildConfigurations = (
				064245B72C92C7B200C9134D /* Debug */,
				064245B82C92C7B200C9134D /* Release */,
			);
			defaultConfigurationIsVisible = 0;
			defaultConfigurationName = Release;
		};
/* End XCConfigurationList section */

/* Begin XCRemoteSwiftPackageReference section */
		065670B72CBBF15D00CF58CB /* XCRemoteSwiftPackageReference "firebase-ios-sdk" */ = {
			isa = XCRemoteSwiftPackageReference;
			repositoryURL = "https://github.com/firebase/firebase-ios-sdk.git";
			requirement = {
				kind = upToNextMajorVersion;
				minimumVersion = 11.3.0;
			};
		};
		067030D62C9E89AE00190C92 /* XCRemoteSwiftPackageReference "realm-swift" */ = {
			isa = XCRemoteSwiftPackageReference;
			repositoryURL = "https://github.com/realm/realm-swift.git";
			requirement = {
				branch = master;
				kind = branch;
			};
		};
		067030E52CA1606000190C92 /* XCRemoteSwiftPackageReference "Kingfisher" */ = {
			isa = XCRemoteSwiftPackageReference;
			repositoryURL = "https://github.com/onevcat/Kingfisher.git";
			requirement = {
				kind = upToNextMajorVersion;
				minimumVersion = 8.0.3;
			};
		};
		067502832CA7E47600FB7DDE /* XCRemoteSwiftPackageReference "Cosmos" */ = {
			isa = XCRemoteSwiftPackageReference;
			repositoryURL = "https://github.com/evgenyneu/Cosmos.git";
			requirement = {
				kind = upToNextMajorVersion;
				minimumVersion = 25.0.1;
			};
		};
/* End XCRemoteSwiftPackageReference section */

/* Begin XCSwiftPackageProductDependency section */
		065670B82CBBF15D00CF58CB /* FirebaseCrashlytics */ = {
			isa = XCSwiftPackageProductDependency;
			package = 065670B72CBBF15D00CF58CB /* XCRemoteSwiftPackageReference "firebase-ios-sdk" */;
			productName = FirebaseCrashlytics;
		};
		065670BA2CBBF15D00CF58CB /* FirebaseMessaging */ = {
			isa = XCSwiftPackageProductDependency;
			package = 065670B72CBBF15D00CF58CB /* XCRemoteSwiftPackageReference "firebase-ios-sdk" */;
			productName = FirebaseMessaging;
		};
		065670BC2CBBF17F00CF58CB /* FirebaseAnalytics */ = {
			isa = XCSwiftPackageProductDependency;
			package = 065670B72CBBF15D00CF58CB /* XCRemoteSwiftPackageReference "firebase-ios-sdk" */;
			productName = FirebaseAnalytics;
		};
		067030D72C9E89AE00190C92 /* RealmSwift */ = {
			isa = XCSwiftPackageProductDependency;
			package = 067030D62C9E89AE00190C92 /* XCRemoteSwiftPackageReference "realm-swift" */;
			productName = RealmSwift;
		};
		067030E62CA1606000190C92 /* Kingfisher */ = {
			isa = XCSwiftPackageProductDependency;
			package = 067030E52CA1606000190C92 /* XCRemoteSwiftPackageReference "Kingfisher" */;
			productName = Kingfisher;
		};
		067502842CA7E47600FB7DDE /* Cosmos */ = {
			isa = XCSwiftPackageProductDependency;
			package = 067502832CA7E47600FB7DDE /* XCRemoteSwiftPackageReference "Cosmos" */;
			productName = Cosmos;
		};
/* End XCSwiftPackageProductDependency section */
	};
	rootObject = 064245A02C92C7B000C9134D /* Project object */;
}
